
Microsoft Visual Studio Solution File, Format Version 12.00
# Visual Studio 15
VisualStudioVersion = 15.0.28307.421
MinimumVisualStudioVersion = 10.0.40219.1
Project("{FAE04EC0-301F-11D3-BF4B-00C04F79EFBC}") = "Übung02_Exceptions", "Übung02_Exceptions.csproj", "{53E3DB2E-36B1-49DB-8BF9-3F455418DE8B}"
EndProject
Global
	GlobalSection(SolutionConfigurationPlatforms) = preSolution
		Debug|Any CPU = Debug|Any CPU
		Release|Any CPU = Release|Any CPU
	EndGlobalSection
	GlobalSection(ProjectConfigurationPlatforms) = postSolution
		{53E3DB2E-36B1-49DB-8BF9-3F455418DE8B}.Debug|Any CPU.ActiveCfg = Debug|Any CPU
		{53E3DB2E-36B1-49DB-8BF9-3F455418DE8B}.Debug|Any CPU.Build.0 = Debug|Any CPU
		{53E3DB2E-36B1-49DB-8BF9-3F455418DE8B}.Release|Any CPU.ActiveCfg = Release|Any CPU
		{53E3DB2E-36B1-49DB-8BF9-3F455418DE8B}.Release|Any CPU.Build.0 = Release|Any CPU
	EndGlobalSection
	GlobalSection(SolutionProperties) = preSolution
		HideSolutionNode = FALSE
	EndGlobalSection
	GlobalSection(ExtensibilityGlobals) = postSolution
		SolutionGuid = {0CA12604-CB4E-47E8-951B-3C198AD93A2C}
	EndGlobalSection
EndGlobal
