
Microsoft Visual Studio Solution File, Format Version 12.00
# Visual Studio 15
VisualStudioVersion = 15.0.28010.2041
MinimumVisualStudioVersion = 10.0.40219.1
Project("{FAE04EC0-301F-11D3-BF4B-00C04F79EFBC}") = "Übung01_Exceptions", "Übung01_Exceptions\Übung01_Exceptions.csproj", "{ED9FB127-3501-43FF-9507-BBA9C68567DD}"
EndProject
Global
	GlobalSection(SolutionConfigurationPlatforms) = preSolution
		Debug|Any CPU = Debug|Any CPU
		Release|Any CPU = Release|Any CPU
	EndGlobalSection
	GlobalSection(ProjectConfigurationPlatforms) = postSolution
		{ED9FB127-3501-43FF-9507-BBA9C68567DD}.Debug|Any CPU.ActiveCfg = Debug|Any CPU
		{ED9FB127-3501-43FF-9507-BBA9C68567DD}.Debug|Any CPU.Build.0 = Debug|Any CPU
		{ED9FB127-3501-43FF-9507-BBA9C68567DD}.Release|Any CPU.ActiveCfg = Release|Any CPU
		{ED9FB127-3501-43FF-9507-BBA9C68567DD}.Release|Any CPU.Build.0 = Release|Any CPU
	EndGlobalSection
	GlobalSection(SolutionProperties) = preSolution
		HideSolutionNode = FALSE
	EndGlobalSection
	GlobalSection(ExtensibilityGlobals) = postSolution
		SolutionGuid = {31793852-9363-4472-B61E-5AF398BFF3E6}
	EndGlobalSection
EndGlobal
